lockfileVersion: '6.0'

settings:
  autoInstallPeers: true
  excludeLinksFromLockfile: false

dependencies:
  prettier:
    specifier: '>=2'
    version: 2.0.0

packages:

  /prettier@2.0.0:
    resolution: {integrity: sha512-vI55PC+GFLOVtpwr2di1mYhJF36v+kztJov8sx3AmqbfdA+2Dhozxb+3e1hTgoV9lyhnVJFF3Z8GCVeMBOS1bA==}
    engines: {node: '>=10.13.0'}
    hasBin: true
    dev: false
